
Microsoft Visual Studio Solution File, Format Version 12.00
# Visual Studio Version 16
VisualStudioVersion = 16.0.31624.102
MinimumVisualStudioVersion = 10.0.40219.1
Project("{8BC9CEB8-8B4A-11D0-8D11-00A0C91BC942}") = "InjectDLL", "InjectDLL\InjectDLL.vcxproj", "{B38B5543-88E8-4102-B0C0-D5D4C6125D26}"
EndProject
Global
	GlobalSection(SolutionConfigurationPlatforms) = preSolution
		Debug|x64 = Debug|x64
		Debug|x86 = Debug|x86
		Release|x64 = Release|x64
		Release|x86 = Release|x86
	EndGlobalSection
	GlobalSection(ProjectConfigurationPlatforms) = postSolution
		{B38B5543-88E8-4102-B0C0-D5D4C6125D26}.Debug|x64.ActiveCfg = Debug|x64
		{B38B5543-88E8-4102-B0C0-D5D4C6125D26}.Debug|x64.Build.0 = Debug|x64
		{B38B5543-88E8-4102-B0C0-D5D4C6125D26}.Debug|x86.ActiveCfg = Debug|Win32
		{B38B5543-88E8-4102-B0C0-D5D4C6125D26}.Debug|x86.Build.0 = Debug|Win32
		{B38B5543-88E8-4102-B0C0-D5D4C6125D26}.Release|x64.ActiveCfg = Release|x64
		{B38B5543-88E8-4102-B0C0-D5D4C6125D26}.Release|x64.Build.0 = Release|x64
		{B38B5543-88E8-4102-B0C0-D5D4C6125D26}.Release|x86.ActiveCfg = Release|Win32
		{B38B5543-88E8-4102-B0C0-D5D4C6125D26}.Release|x86.Build.0 = Release|Win32
	EndGlobalSection
	GlobalSection(SolutionProperties) = preSolution
		HideSolutionNode = FALSE
	EndGlobalSection
	GlobalSection(ExtensibilityGlobals) = postSolution
		SolutionGuid = {C45FBA04-F362-49AF-998E-4A1888058F82}
	EndGlobalSection
EndGlobal
